
Microsoft Visual Studio Solution File, Format Version 12.00
Project("{FAE04EC0-301F-11D3-BF4B-00C04F79EFBC}") = "RibbitCS", "RibbitCS\RibbitCS.csproj", "{3EE87192-100C-4894-973E-94AA5FF6073D}"
EndProject
Global
	GlobalSection(SolutionConfigurationPlatforms) = preSolution
		Debug|Any CPU = Debug|Any CPU
		Release|Any CPU = Release|Any CPU
	EndGlobalSection
	GlobalSection(ProjectConfigurationPlatforms) = postSolution
		{3EE87192-100C-4894-973E-94AA5FF6073D}.Debug|Any CPU.ActiveCfg = Debug|Any CPU
		{3EE87192-100C-4894-973E-94AA5FF6073D}.Debug|Any CPU.Build.0 = Debug|Any CPU
		{3EE87192-100C-4894-973E-94AA5FF6073D}.Release|Any CPU.ActiveCfg = Release|Any CPU
		{3EE87192-100C-4894-973E-94AA5FF6073D}.Release|Any CPU.Build.0 = Release|Any CPU
	EndGlobalSection
EndGlobal
